// !$*UTF8*$!
{
	archiveVersion = 1;
	classes = {
	};
	objectVersion = 46;
	objects = {

/* Begin PBXBuildFile section */
		25B410941E8913EA00495484 /* AppDelegate.swift in Sources */ = {isa = PBXBuildFile; fileRef = 25B410931E8913EA00495484 /* AppDelegate.swift */; };
		25B410961E8913EA00495484 /* ViewController.swift in Sources */ = {isa = PBXBuildFile; fileRef = 25B410951E8913EA00495484 /* ViewController.swift */; };
		25B410991E8913EA00495484 /* Main.storyboard in Resources */ = {isa = PBXBuildFile; fileRef = 25B410971E8913EA00495484 /* Main.storyboard */; };
		25B4109B1E8913EA00495484 /* Assets.xcassets in Resources */ = {isa = PBXBuildFile; fileRef = 25B4109A1E8913EA00495484 /* Assets.xcassets */; };
		25B4109E1E8913EA00495484 /* LaunchScreen.storyboard in Resources */ = {isa = PBXBuildFile; fileRef = 25B4109C1E8913EA00495484 /* LaunchScreen.storyboard */; };
		25F6A4AA1E8D3B4C00B6724F /* Meme.swift in Sources */ = {isa = PBXBuildFile; fileRef = 25F6A4A91E8D3B4C00B6724F /* Meme.swift */; };
		25F6A4AC1E8D3C5A00B6724F /* MemesTableViewController.swift in Sources */ = {isa = PBXBuildFile; fileRef = 25F6A4AB1E8D3C5A00B6724F /* MemesTableViewController.swift */; };
		25F6A4AE1E8D41A800B6724F /* MemeTableViewCell.swift in Sources */ = {isa = PBXBuildFile; fileRef = 25F6A4AD1E8D41A800B6724F /* MemeTableViewCell.swift */; };
		25F6A4B01E8D455100B6724F /* MemesCollectionViewController.swift in Sources */ = {isa = PBXBuildFile; fileRef = 25F6A4AF1E8D455100B6724F /* MemesCollectionViewController.swift */; };
		25F6A4B21E8D455F00B6724F /* MemeCollectionViewCell.swift in Sources */ = {isa = PBXBuildFile; fileRef = 25F6A4B11E8D455F00B6724F /* MemeCollectionViewCell.swift */; };
/* End PBXBuildFile section */

/* Begin PBXFileReference section */
		25B410901E8913EA00495484 /* MemeMe.app */ = {isa = PBXFileReference; explicitFileType = wrapper.application; includeInIndex = 0; path = MemeMe.app; sourceTree = BUILT_PRODUCTS_DIR; };
		25B410931E8913EA00495484 /* AppDelegate.swift */ = {isa = PBXFileReference; lastKnownFileType = sourcecode.swift; path = AppDelegate.swift; sourceTree = "<group>"; };
		25B410951E8913EA00495484 /* ViewController.swift */ = {isa = PBXFileReference; lastKnownFileType = sourcecode.swift; path = ViewController.swift; sourceTree = "<group>"; };
		25B410981E8913EA00495484 /* Base */ = {isa = PBXFileReference; lastKnownFileType = file.storyboard; name = Base; path = Base.lproj/Main.storyboard; sourceTree = "<group>"; };
		25B4109A1E8913EA00495484 /* Assets.xcassets */ = {isa = PBXFileReference; lastKnownFileType = folder.assetcatalog; path = Assets.xcassets; sourceTree = "<group>"; };
		25B4109D1E8913EA00495484 /* Base */ = {isa = PBXFileReference; lastKnownFileType = file.storyboard; name = Base; path = Base.lproj/LaunchScreen.storyboard; sourceTree = "<group>"; };
		25B4109F1E8913EA00495484 /* Info.plist */ = {isa = PBXFileReference; lastKnownFileType = text.plist.xml; path = Info.plist; sourceTree = "<group>"; };
		25F6A4A91E8D3B4C00B6724F /* Meme.swift */ = {isa = PBXFileReference; fileEncoding = 4; lastKnownFileType = sourcecode.swift; path = Meme.swift; sourceTree = "<group>"; };
		25F6A4AB1E8D3C5A00B6724F /* MemesTableViewController.swift */ = {isa = PBXFileReference; fileEncoding = 4; lastKnownFileType = sourcecode.swift; path = MemesTableViewController.swift; sourceTree = "<group>"; };
		25F6A4AD1E8D41A800B6724F /* MemeTableViewCell.swift */ = {isa = PBXFileReference; fileEncoding = 4; lastKnownFileType = sourcecode.swift; path = MemeTableViewCell.swift; sourceTree = "<group>"; };
		25F6A4AF1E8D455100B6724F /* MemesCollectionViewController.swift */ = {isa = PBXFileReference; fileEncoding = 4; lastKnownFileType = sourcecode.swift; path = MemesCollectionViewController.swift; sourceTree = "<group>"; };
		25F6A4B11E8D455F00B6724F /* MemeCollectionViewCell.swift */ = {isa = PBXFileReference; fileEncoding = 4; lastKnownFileType = sourcecode.swift; path = MemeCollectionViewCell.swift; sourceTree = "<group>"; };
/* End PBXFileReference section */

/* Begin PBXFrameworksBuildPhase section */
		25B4108D1E8913EA00495484 /* Frameworks */ = {
			isa = PBXFrameworksBuildPhase;
			buildActionMask = 2147483647;
			files = (
			);
			runOnlyForDeploymentPostprocessing = 0;
		};
/* End PBXFrameworksBuildPhase section */

/* Begin PBXGroup section */
		25B410871E8913EA00495484 = {
			isa = PBXGroup;
			children = (
				25B410921E8913EA00495484 /* MemeMe */,
				25B410911E8913EA00495484 /* Products */,
			);
			sourceTree = "<group>";
		};
		25B410911E8913EA00495484 /* Products */ = {
			isa = PBXGroup;
			children = (
				25B410901E8913EA00495484 /* MemeMe.app */,
			);
			name = Products;
			sourceTree = "<group>";
		};
		25B410921E8913EA00495484 /* MemeMe */ = {
			isa = PBXGroup;
			children = (
				25B410931E8913EA00495484 /* AppDelegate.swift */,
				25B410951E8913EA00495484 /* ViewController.swift */,
				25B410971E8913EA00495484 /* Main.storyboard */,
				25B4109A1E8913EA00495484 /* Assets.xcassets */,
				25B4109C1E8913EA00495484 /* LaunchScreen.storyboard */,
				25B4109F1E8913EA00495484 /* Info.plist */,
				25F6A4A91E8D3B4C00B6724F /* Meme.swift */,
				25F6A4AB1E8D3C5A00B6724F /* MemesTableViewController.swift */,
				25F6A4AD1E8D41A800B6724F /* MemeTableViewCell.swift */,
				25F6A4AF1E8D455100B6724F /* MemesCollectionViewController.swift */,
				25F6A4B11E8D455F00B6724F /* MemeCollectionViewCell.swift */,
			);
			path = MemeMe;
			sourceTree = "<group>";
		};
/* End PBXGroup section */

/* Begin PBXNativeTarget section */
		25B4108F1E8913EA00495484 /* MemeMe */ = {
			isa = PBXNativeTarget;
			buildConfigurationList = 25B410A21E8913EA00495484 /* Build configuration list for PBXNativeTarget "MemeMe" */;
			buildPhases = (
				25B4108C1E8913EA00495484 /* Sources */,
				25B4108D1E8913EA00495484 /* Frameworks */,
				25B4108E1E8913EA00495484 /* Resources */,
			);
			buildRules = (
			);
			dependencies = (
			);
			name = MemeMe;
			productName = MemeMe;
			productReference = 25B410901E8913EA00495484 /* MemeMe.app */;
			productType = "com.apple.product-type.application";
		};
/* End PBXNativeTarget section */

/* Begin PBXProject section */
		25B410881E8913EA00495484 /* Project object */ = {
			isa = PBXProject;
			attributes = {
				LastSwiftUpdateCheck = 0820;
				LastUpgradeCheck = 0820;
				ORGANIZATIONNAME = "Aniket Ghode";
				TargetAttributes = {
					25B4108F1E8913EA00495484 = {
						CreatedOnToolsVersion = 8.2.1;
						DevelopmentTeam = 7M848FL347;
						ProvisioningStyle = Automatic;
					};
				};
			};
			buildConfigurationList = 25B4108B1E8913EA00495484 /* Build configuration list for PBXProject "MemeMe" */;
			compatibilityVersion = "Xcode 3.2";
			developmentRegion = English;
			hasScannedForEncodings = 0;
			knownRegions = (
				en,
				Base,
			);
			mainGroup = 25B410871E8913EA00495484;
			productRefGroup = 25B410911E8913EA00495484 /* Products */;
			projectDirPath = "";
			projectRoot = "";
			targets = (
				25B4108F1E8913EA00495484 /* MemeMe */,
			);
		};
/* End PBXProject section */

/* Begin PBXResourcesBuildPhase section */
		25B4108E1E8913EA00495484 /* Resources */ = {
			isa = PBXResourcesBuildPhase;
			buildActionMask = 2147483647;
			files = (
				25B4109E1E8913EA00495484 /* LaunchScreen.storyboard in Resources */,
				25B4109B1E8913EA00495484 /* Assets.xcassets in Resources */,
				25B410991E8913EA00495484 /* Main.storyboard in Resources */,
			);
			runOnlyForDeploymentPostprocessing = 0;
		};
/* End PBXResourcesBuildPhase section */

/* Begin PBXSourcesBuildPhase section */
		25B4108C1E8913EA00495484 /* Sources */ = {
			isa = PBXSourcesBuildPhase;
			buildActionMask = 2147483647;
			files = (
				25F6A4B01E8D455100B6724F /* MemesCollectionViewController.swift in Sources */,
				25F6A4AA1E8D3B4C00B6724F /* Meme.swift in Sources */,
				25B410961E8913EA00495484 /* ViewController.swift in Sources */,
				25F6A4AE1E8D41A800B6724F /* MemeTableViewCell.swift in Sources */,
				25F6A4B21E8D455F00B6724F /* MemeCollectionViewCell.swift in Sources */,
				25B410941E8913EA00495484 /* AppDelegate.swift in Sources */,
				25F6A4AC1E8D3C5A00B6724F /* MemesTableViewController.swift in Sources */,
			);
			runOnlyForDeploymentPostprocessing = 0;
		};
/* End PBXSourcesBuildPhase section */

/* Begin PBXVariantGroup section */
		25B410971E8913EA00495484 /* Main.storyboard */ = {
			isa = PBXVariantGroup;
			children = (
				25B410981E8913EA00495484 /* Base */,
			);
			name = Main.storyboard;
			sourceTree = "<group>";
		};
		25B4109C1E8913EA00495484 /* LaunchScreen.storyboard */ = {
			isa = PBXVariantGroup;
			children = (
				25B4109D1E8913EA00495484 /* Base */,
			);
			name = LaunchScreen.storyboard;
			sourceTree = "<group>";
		};
/* End PBXVariantGroup section */

/* Begin XCBuildConfiguration section */
		25B410A01E8913EA00495484 /* Debug */ = {
			isa = XCBuildConfiguration;
			buildSettings = {
				ALWAYS_SEARCH_USER_PATHS = NO;
				CLANG_ANALYZER_NONNULL = YES;
				CLANG_CXX_LANGUAGE_STANDARD = "gnu++0x";
				CLANG_CXX_LIBRARY = "libc++";
				CLANG_ENABLE_MODULES = YES;
				CLANG_ENABLE_OBJC_ARC = YES;
				CLANG_WARN_BOOL_CONVERSION = YES;
				CLANG_WARN_CONSTANT_CONVERSION = YES;
				CLANG_WARN_DIRECT_OBJC_ISA_USAGE = YES_ERROR;
				CLANG_WARN_DOCUMENTATION_COMMENTS = YES;
				CLANG_WARN_EMPTY_BODY = YES;
				CLANG_WARN_ENUM_CONVERSION = YES;
				CLANG_WARN_INFINITE_RECURSION = YES;
				CLANG_WARN_INT_CONVERSION = YES;
				CLANG_WARN_OBJC_ROOT_CLASS = YES_ERROR;
				CLANG_WARN_SUSPICIOUS_MOVE = YES;
				CLANG_WARN_UNREACHABLE_CODE = YES;
				CLANG_WARN__DUPLICATE_METHOD_MATCH = YES;
				"CODE_SIGN_IDENTITY[sdk=iphoneos*]" = "iPhone Developer";
				COPY_PHASE_STRIP = NO;
				DEBUG_INFORMATION_FORMAT = dwarf;
				ENABLE_STRICT_OBJC_MSGSEND = YES;
				ENABLE_TESTABILITY = YES;
				GCC_C_LANGUAGE_STANDARD = gnu99;
				GCC_DYNAMIC_NO_PIC = NO;
				GCC_NO_COMMON_BLOCKS = YES;
				GCC_OPTIMIZATION_LEVEL = 0;
				GCC_PREPROCESSOR_DEFINITIONS = (
					"DEBUG=1",
					"$(inherited)",
				);
				GCC_WARN_64_TO_32_BIT_CONVERSION = YES;
				GCC_WARN_ABOUT_RETURN_TYPE = YES_ERROR;
				GCC_WARN_UNDECLARED_SELECTOR = YES;
				GCC_WARN_UNINITIALIZED_AUTOS = YES_AGGRESSIVE;
				GCC_WARN_UNUSED_FUNCTION = YES;
				GCC_WARN_UNUSED_VARIABLE = YES;
				IPHONEOS_DEPLOYMENT_TARGET = 10.2;
				MTL_ENABLE_DEBUG_INFO = YES;
				ONLY_ACTIVE_ARCH = YES;
				SDKROOT = iphoneos;
				SWIFT_ACTIVE_COMPILATION_CONDITIONS = DEBUG;
				SWIFT_OPTIMIZATION_LEVEL = "-Onone";
				TARGETED_DEVICE_FAMILY = "1,2";
			};
			name = Debug;
		};
		25B410A11E8913EA00495484 /* Release */ = {
			isa = XCBuildConfiguration;
			buildSettings = {
				ALWAYS_SEARCH_USER_PATHS = NO;
				CLANG_ANALYZER_NONNULL = YES;
				CLANG_CXX_LANGUAGE_STANDARD = "gnu++0x";
				CLANG_CXX_LIBRARY = "libc++";
				CLANG_ENABLE_MODULES = YES;
				CLANG_ENABLE_OBJC_ARC = YES;
				CLANG_WARN_BOOL_CONVERSION = YES;
				CLANG_WARN_CONSTANT_CONVERSION = YES;
				CLANG_WARN_DIRECT_OBJC_ISA_USAGE = YES_ERROR;
				CLANG_WARN_DOCUMENTATION_COMMENTS = YES;
				CLANG_WARN_EMPTY_BODY = YES;
				CLANG_WARN_ENUM_CONVERSION = YES;
				CLANG_WARN_INFINITE_RECURSION = YES;
				CLANG_WARN_INT_CONVERSION = YES;
				CLANG_WARN_OBJC_ROOT_CLASS = YES_ERROR;
				CLANG_WARN_SUSPICIOUS_MOVE = YES;
				CLANG_WARN_UNREACHABLE_CODE = YES;
				CLANG_WARN__DUPLICATE_METHOD_MATCH = YES;
				"CODE_SIGN_IDENTITY[sdk=iphoneos*]" = "iPhone Developer";
				COPY_PHASE_STRIP = NO;
				DEBUG_INFORMATION_FORMAT = "dwarf-with-dsym";
				ENABLE_NS_ASSERTIONS = NO;
				ENABLE_STRICT_OBJC_MSGSEND = YES;
				GCC_C_LANGUAGE_STANDARD = gnu99;
				GCC_NO_COMMON_BLOCKS = YES;
				GCC_WARN_64_TO_32_BIT_CONVERSION = YES;
				GCC_WARN_ABOUT_RETURN_TYPE = YES_ERROR;
				GCC_WARN_UNDECLARED_SELECTOR = YES;
				GCC_WARN_UNINITIALIZED_AUTOS = YES_AGGRESSIVE;
				GCC_WARN_UNUSED_FUNCTION = YES;
				GCC_WARN_UNUSED_VARIABLE = YES;
				IPHONEOS_DEPLOYMENT_TARGET = 10.2;
				MTL_ENABLE_DEBUG_INFO = NO;
				SDKROOT = iphoneos;
				SWIFT_OPTIMIZATION_LEVEL = "-Owholemodule";
				TARGETED_DEVICE_FAMILY = "1,2";
				VALIDATE_PRODUCT = YES;
			};
			name = Release;
		};
		25B410A31E8913EA00495484 /* Debug */ = {
			isa = XCBuildConfiguration;
			buildSettings = {
				ASSETCATALOG_COMPILER_APPICON_NAME = AppIcon;
				DEVELOPMENT_TEAM = 7M848FL347;
				INFOPLIST_FILE = MemeMe/Info.plist;
				LD_RUNPATH_SEARCH_PATHS = "$(inherited) @executable_path/Frameworks";
				PRODUCT_BUNDLE_IDENTIFIER = com.aniket.MemeMe;
				PRODUCT_NAME = "$(TARGET_NAME)";
				SWIFT_VERSION = 3.0;
			};
			name = Debug;
		};
		25B410A41E8913EA00495484 /* Release */ = {
			isa = XCBuildConfiguration;
			buildSettings = {
				ASSETCATALOG_COMPILER_APPICON_NAME = AppIcon;
				DEVELOPMENT_TEAM = 7M848FL347;
				INFOPLIST_FILE = MemeMe/Info.plist;
				LD_RUNPATH_SEARCH_PATHS = "$(inherited) @executable_path/Frameworks";
				PRODUCT_BUNDLE_IDENTIFIER = com.aniket.MemeMe;
				PRODUCT_NAME = "$(TARGET_NAME)";
				SWIFT_VERSION = 3.0;
			};
			name = Release;
		};
/* End XCBuildConfiguration section */

/* Begin XCConfigurationList section */
		25B4108B1E8913EA00495484 /* Build configuration list for PBXProject "MemeMe" */ = {
			isa = XCConfigurationList;
			buildConfigurations = (
				25B410A01E8913EA00495484 /* Debug */,
				25B410A11E8913EA00495484 /* Release */,
			);
			defaultConfigurationIsVisible = 0;
			defaultConfigurationName = Release;
		};
		25B410A21E8913EA00495484 /* Build configuration list for PBXNativeTarget "MemeMe" */ = {
			isa = XCConfigurationList;
			buildConfigurations = (
				25B410A31E8913EA00495484 /* Debug */,
				25B410A41E8913EA00495484 /* Release */,
			);
			defaultConfigurationIsVisible = 0;
			defaultConfigurationName = Release;
		};
/* End XCConfigurationList section */
	};
	rootObject = 25B410881E8913EA00495484 /* Project object */;
}
